
Microsoft Visual Studio Solution File, Format Version 12.00
# Visual Studio 15
VisualStudioVersion = 15.0.28307.1062
MinimumVisualStudioVersion = 10.0.40219.1
Project("{FAE04EC0-301F-11D3-BF4B-00C04F79EFBC}") = "GamingGear", "GamingGear\GamingGear.csproj", "{6F17F81D-FF02-4B70-B2D7-4DD80C8237DC}"
EndProject
Global
	GlobalSection(SolutionConfigurationPlatforms) = preSolution
		Debug|Any CPU = Debug|Any CPU
		Release|Any CPU = Release|Any CPU
	EndGlobalSection
	GlobalSection(ProjectConfigurationPlatforms) = postSolution
		{6F17F81D-FF02-4B70-B2D7-4DD80C8237DC}.Debug|Any CPU.ActiveCfg = Debug|Any CPU
		{6F17F81D-FF02-4B70-B2D7-4DD80C8237DC}.Debug|Any CPU.Build.0 = Debug|Any CPU
		{6F17F81D-FF02-4B70-B2D7-4DD80C8237DC}.Release|Any CPU.ActiveCfg = Release|Any CPU
		{6F17F81D-FF02-4B70-B2D7-4DD80C8237DC}.Release|Any CPU.Build.0 = Release|Any CPU
	EndGlobalSection
	GlobalSection(SolutionProperties) = preSolution
		HideSolutionNode = FALSE
	EndGlobalSection
	GlobalSection(ExtensibilityGlobals) = postSolution
		SolutionGuid = {D991CEF9-A456-42E6-8F22-55B9B9311565}
	EndGlobalSection
EndGlobal
